NeoBundleLock caw.vim 6591ed28caef2d3175298818c5f38ce9ec692416
NeoBundleLock incsearch-fuzzy.vim e426627625c88583d9c544edc67b4b809f2b3b87
NeoBundleLock neobundle.vim 34bf2ca4f8184cd85b3fa017ac6de9496872515e
NeoBundleLock neomru.vim 8aa00e181bb764956a40764ae325a485a93f513a
NeoBundleLock nerdtree dd754c7bc64f8802ab6ff660776e1dee0e0e2761
NeoBundleLock unite.vim e987e016c229289c1341d0689dcba457fcf252da
NeoBundleLock vim-scala b0608f5887e5d8d61993f20265081943c4ed6187
NeoBundleLock vimproc ee10f742304fc222e7fef694c67ca900c35fc579
