NeoBundleLock caw.vim 0ee627dc08f9a85c5d867cde4eb43b91f9c114db
NeoBundleLock incsearch-fuzzy.vim e426627625c88583d9c544edc67b4b809f2b3b87
NeoBundleLock neobundle.vim ed123adb1dd31358f1ed35e852fb219c5214cf7c
NeoBundleLock neomru.vim 6e6ca0454fbe67ab01cfe9c8588546c9af156944
NeoBundleLock nerdtree 96c07746b46c12d0aca7a5276cc5bd0a260b82fe
NeoBundleLock unite.vim dfdff3df30d5c09fe406956076eca31da47fa3a1
NeoBundleLock vim-scala 71ada50fc5e2b3c9fdbdb75835a218d2c245efec
NeoBundleLock vimproc 6b8b3c724e161f39c0938046a2072f9668fc802b
